
Microsoft Visual Studio Solution File, Format Version 12.00
# Visual Studio 15
VisualStudioVersion = 15.0.28307.645
MinimumVisualStudioVersion = 10.0.40219.1
Project("{DA7A21FA-8162-4350-AD77-A8D1B671F3ED}") = "01-LnAcpt", "01-LnAcpt\01-LnAcpt.rxproj", "{3B51D83A-C274-4A03-965F-01223ACC2A69}"
EndProject
Project("{DA7A21FA-8162-4350-AD77-A8D1B671F3ED}") = "02-Profit", "02-Profit\02-Profit.rxproj", "{D498FE87-AD5D-4050-A4F5-7E95685598A0}"
EndProject
Global
	GlobalSection(SolutionConfigurationPlatforms) = preSolution
		Debug|Any CPU = Debug|Any CPU
		Release|Any CPU = Release|Any CPU
	EndGlobalSection
	GlobalSection(ProjectConfigurationPlatforms) = postSolution
		{3B51D83A-C274-4A03-965F-01223ACC2A69}.Debug|Any CPU.ActiveCfg = Debug|Any CPU
		{3B51D83A-C274-4A03-965F-01223ACC2A69}.Debug|Any CPU.Build.0 = Debug|Any CPU
		{3B51D83A-C274-4A03-965F-01223ACC2A69}.Release|Any CPU.ActiveCfg = Release|Any CPU
		{3B51D83A-C274-4A03-965F-01223ACC2A69}.Release|Any CPU.Build.0 = Release|Any CPU
		{D498FE87-AD5D-4050-A4F5-7E95685598A0}.Debug|Any CPU.ActiveCfg = Debug|Any CPU
		{D498FE87-AD5D-4050-A4F5-7E95685598A0}.Debug|Any CPU.Build.0 = Debug|Any CPU
		{D498FE87-AD5D-4050-A4F5-7E95685598A0}.Release|Any CPU.ActiveCfg = Release|Any CPU
		{D498FE87-AD5D-4050-A4F5-7E95685598A0}.Release|Any CPU.Build.0 = Release|Any CPU
	EndGlobalSection
	GlobalSection(SolutionProperties) = preSolution
		HideSolutionNode = FALSE
	EndGlobalSection
	GlobalSection(ExtensibilityGlobals) = postSolution
		SolutionGuid = {2359CCBA-E004-4CE3-BBDF-CF210749E7FF}
	EndGlobalSection
EndGlobal
